// !$*UTF8*$!
{
	archiveVersion = 1;
	classes = {
	};
	objectVersion = 50;
	objects = {

/* Begin PBXBuildFile section */
		3D3F6B01268F058C00D5D2F9 /* content.png in Resources */ = {isa = PBXBuildFile; fileRef = 3D3F6B00268F058C00D5D2F9 /* content.png */; };
		3D3F6B032692B0EE00D5D2F9 /* liuyifei.jpeg in Resources */ = {isa = PBXBuildFile; fileRef = 3D3F6B022692B0EE00D5D2F9 /* liuyifei.jpeg */; };
		3D3F6B05269403A700D5D2F9 /* barCode.png in Resources */ = {isa = PBXBuildFile; fileRef = 3D3F6B04269403A600D5D2F9 /* barCode.png */; };
		3D46AB8F268C37850035B72A /* AppDelegate.m in Sources */ = {isa = PBXBuildFile; fileRef = 3D46AB8E268C37850035B72A /* AppDelegate.m */; };
		3D46AB92268C37850035B72A /* SceneDelegate.m in Sources */ = {isa = PBXBuildFile; fileRef = 3D46AB91268C37850035B72A /* SceneDelegate.m */; };
		3D46AB95268C37850035B72A /* ViewController.m in Sources */ = {isa = PBXBuildFile; fileRef = 3D46AB94268C37850035B72A /* ViewController.m */; };
		3D46AB98268C37850035B72A /* Main.storyboard in Resources */ = {isa = PBXBuildFile; fileRef = 3D46AB96268C37850035B72A /* Main.storyboard */; };
		3D46AB9A268C378D0035B72A /* Assets.xcassets in Resources */ = {isa = PBXBuildFile; fileRef = 3D46AB99268C378D0035B72A /* Assets.xcassets */; };
		3D46AB9D268C378D0035B72A /* LaunchScreen.storyboard in Resources */ = {isa = PBXBuildFile; fileRef = 3D46AB9B268C378D0035B72A /* LaunchScreen.storyboard */; };
		3D46ABA0268C378D0035B72A /* main.m in Sources */ = {isa = PBXBuildFile; fileRef = 3D46AB9F268C378D0035B72A /* main.m */; };
		3D46ABAA268C378E0035B72A /* DetectorDemoTests.m in Sources */ = {isa = PBXBuildFile; fileRef = 3D46ABA9268C378E0035B72A /* DetectorDemoTests.m */; };
		3D46ABB5268C378E0035B72A /* DetectorDemoUITests.m in Sources */ = {isa = PBXBuildFile; fileRef = 3D46ABB4268C378E0035B72A /* DetectorDemoUITests.m */; };
		3D46ABC5268C59F30035B72A /* htmlTian.png in Resources */ = {isa = PBXBuildFile; fileRef = 3D46ABC3268C59F30035B72A /* htmlTian.png */; };
		3D46ABC6268C59F30035B72A /* text.png in Resources */ = {isa = PBXBuildFile; fileRef = 3D46ABC4268C59F30035B72A /* text.png */; };
		3D97CB392719CDD600538E80 /* VisionManager.m in Sources */ = {isa = PBXBuildFile; fileRef = 3D97CB382719CDD600538E80 /* VisionManager.m */; };
/* End PBXBuildFile section */

/* Begin PBXContainerItemProxy section */
		3D46ABA6268C378E0035B72A /* PBXContainerItemProxy */ = {
			isa = PBXContainerItemProxy;
			containerPortal = 3D46AB82268C37850035B72A /* Project object */;
			proxyType = 1;
			remoteGlobalIDString = 3D46AB89268C37850035B72A;
			remoteInfo = DetectorDemo;
		};
		3D46ABB1268C378E0035B72A /* PBXContainerItemProxy */ = {
			isa = PBXContainerItemProxy;
			containerPortal = 3D46AB82268C37850035B72A /* Project object */;
			proxyType = 1;
			remoteGlobalIDString = 3D46AB89268C37850035B72A;
			remoteInfo = DetectorDemo;
		};
/* End PBXContainerItemProxy section */

/* Begin PBXFileReference section */
		3D3F6B00268F058C00D5D2F9 /* content.png */ = {isa = PBXFileReference; lastKnownFileType = image.png; path = content.png; sourceTree = "<group>"; };
		3D3F6B022692B0EE00D5D2F9 /* liuyifei.jpeg */ = {isa = PBXFileReference; lastKnownFileType = image.jpeg; path = liuyifei.jpeg; sourceTree = "<group>"; };
		3D3F6B04269403A600D5D2F9 /* barCode.png */ = {isa = PBXFileReference; lastKnownFileType = image.png; path = barCode.png; sourceTree = "<group>"; };
		3D46AB8A268C37850035B72A /* DetectorDemo.app */ = {isa = PBXFileReference; explicitFileType = wrapper.application; includeInIndex = 0; path = DetectorDemo.app; sourceTree = BUILT_PRODUCTS_DIR; };
		3D46AB8D268C37850035B72A /* AppDelegate.h */ = {isa = PBXFileReference; lastKnownFileType = sourcecode.c.h; path = AppDelegate.h; sourceTree = "<group>"; };
		3D46AB8E268C37850035B72A /* AppDelegate.m */ = {isa = PBXFileReference; lastKnownFileType = sourcecode.c.objc; path = AppDelegate.m; sourceTree = "<group>"; };
		3D46AB90268C37850035B72A /* SceneDelegate.h */ = {isa = PBXFileReference; lastKnownFileType = sourcecode.c.h; path = SceneDelegate.h; sourceTree = "<group>"; };
		3D46AB91268C37850035B72A /* SceneDelegate.m */ = {isa = PBXFileReference; lastKnownFileType = sourcecode.c.objc; path = SceneDelegate.m; sourceTree = "<group>"; };
		3D46AB93268C37850035B72A /* ViewController.h */ = {isa = PBXFileReference; lastKnownFileType = sourcecode.c.h; path = ViewController.h; sourceTree = "<group>"; };
		3D46AB94268C37850035B72A /* ViewController.m */ = {isa = PBXFileReference; lastKnownFileType = sourcecode.c.objc; path = ViewController.m; sourceTree = "<group>"; };
		3D46AB97268C37850035B72A /* Base */ = {isa = PBXFileReference; lastKnownFileType = file.storyboard; name = Base; path = Base.lproj/Main.storyboard; sourceTree = "<group>"; };
		3D46AB99268C378D0035B72A /* Assets.xcassets */ = {isa = PBXFileReference; lastKnownFileType = folder.assetcatalog; path = Assets.xcassets; sourceTree = "<group>"; };
		3D46AB9C268C378D0035B72A /* Base */ = {isa = PBXFileReference; lastKnownFileType = file.storyboard; name = Base; path = Base.lproj/LaunchScreen.storyboard; sourceTree = "<group>"; };
		3D46AB9E268C378D0035B72A /* Info.plist */ = {isa = PBXFileReference; lastKnownFileType = text.plist.xml; path = Info.plist; sourceTree = "<group>"; };
		3D46AB9F268C378D0035B72A /* main.m */ = {isa = PBXFileReference; lastKnownFileType = sourcecode.c.objc; path = main.m; sourceTree = "<group>"; };
		3D46ABA5268C378E0035B72A /* DetectorDemoTests.xctest */ = {isa = PBXFileReference; explicitFileType = wrapper.cfbundle; includeInIndex = 0; path = DetectorDemoTests.xctest; sourceTree = BUILT_PRODUCTS_DIR; };
		3D46ABA9268C378E0035B72A /* DetectorDemoTests.m */ = {isa = PBXFileReference; lastKnownFileType = sourcecode.c.objc; path = DetectorDemoTests.m; sourceTree = "<group>"; };
		3D46ABAB268C378E0035B72A /* Info.plist */ = {isa = PBXFileReference; lastKnownFileType = text.plist.xml; path = Info.plist; sourceTree = "<group>"; };
		3D46ABB0268C378E0035B72A /* DetectorDemoUITests.xctest */ = {isa = PBXFileReference; explicitFileType = wrapper.cfbundle; includeInIndex = 0; path = DetectorDemoUITests.xctest; sourceTree = BUILT_PRODUCTS_DIR; };
		3D46ABB4268C378E0035B72A /* DetectorDemoUITests.m */ = {isa = PBXFileReference; lastKnownFileType = sourcecode.c.objc; path = DetectorDemoUITests.m; sourceTree = "<group>"; };
		3D46ABB6268C378E0035B72A /* Info.plist */ = {isa = PBXFileReference; lastKnownFileType = text.plist.xml; path = Info.plist; sourceTree = "<group>"; };
		3D46ABC3268C59F30035B72A /* htmlTian.png */ = {isa = PBXFileReference; lastKnownFileType = image.png; path = htmlTian.png; sourceTree = "<group>"; };
		3D46ABC4268C59F30035B72A /* text.png */ = {isa = PBXFileReference; lastKnownFileType = image.png; path = text.png; sourceTree = "<group>"; };
		3D97CB372719CDD600538E80 /* VisionManager.h */ = {isa = PBXFileReference; lastKnownFileType = sourcecode.c.h; path = VisionManager.h; sourceTree = "<group>"; };
		3D97CB382719CDD600538E80 /* VisionManager.m */ = {isa = PBXFileReference; lastKnownFileType = sourcecode.c.objc; path = VisionManager.m; sourceTree = "<group>"; };
/* End PBXFileReference section */

/* Begin PBXFrameworksBuildPhase section */
		3D46AB87268C37850035B72A /* Frameworks */ = {
			isa = PBXFrameworksBuildPhase;
			buildActionMask = 2147483647;
			files = (
			);
			runOnlyForDeploymentPostprocessing = 0;
		};
		3D46ABA2268C378E0035B72A /* Frameworks */ = {
			isa = PBXFrameworksBuildPhase;
			buildActionMask = 2147483647;
			files = (
			);
			runOnlyForDeploymentPostprocessing = 0;
		};
		3D46ABAD268C378E0035B72A /* Frameworks */ = {
			isa = PBXFrameworksBuildPhase;
			buildActionMask = 2147483647;
			files = (
			);
			runOnlyForDeploymentPostprocessing = 0;
		};
/* End PBXFrameworksBuildPhase section */

/* Begin PBXGroup section */
		3D46AB81268C37850035B72A = {
			isa = PBXGroup;
			children = (
				3D46AB8C268C37850035B72A /* DetectorDemo */,
				3D46ABA8268C378E0035B72A /* DetectorDemoTests */,
				3D46ABB3268C378E0035B72A /* DetectorDemoUITests */,
				3D46AB8B268C37850035B72A /* Products */,
			);
			sourceTree = "<group>";
		};
		3D46AB8B268C37850035B72A /* Products */ = {
			isa = PBXGroup;
			children = (
				3D46AB8A268C37850035B72A /* DetectorDemo.app */,
				3D46ABA5268C378E0035B72A /* DetectorDemoTests.xctest */,
				3D46ABB0268C378E0035B72A /* DetectorDemoUITests.xctest */,
			);
			name = Products;
			sourceTree = "<group>";
		};
		3D46AB8C268C37850035B72A /* DetectorDemo */ = {
			isa = PBXGroup;
			children = (
				3D46ABC2268C59F30035B72A /* images */,
				3D46AB8D268C37850035B72A /* AppDelegate.h */,
				3D46AB8E268C37850035B72A /* AppDelegate.m */,
				3D46AB90268C37850035B72A /* SceneDelegate.h */,
				3D46AB91268C37850035B72A /* SceneDelegate.m */,
				3D46AB93268C37850035B72A /* ViewController.h */,
				3D46AB94268C37850035B72A /* ViewController.m */,
				3D46AB96268C37850035B72A /* Main.storyboard */,
				3D46AB99268C378D0035B72A /* Assets.xcassets */,
				3D46AB9B268C378D0035B72A /* LaunchScreen.storyboard */,
				3D46AB9E268C378D0035B72A /* Info.plist */,
				3D46AB9F268C378D0035B72A /* main.m */,
				3D97CB372719CDD600538E80 /* VisionManager.h */,
				3D97CB382719CDD600538E80 /* VisionManager.m */,
			);
			path = DetectorDemo;
			sourceTree = "<group>";
		};
		3D46ABA8268C378E0035B72A /* DetectorDemoTests */ = {
			isa = PBXGroup;
			children = (
				3D46ABA9268C378E0035B72A /* DetectorDemoTests.m */,
				3D46ABAB268C378E0035B72A /* Info.plist */,
			);
			path = DetectorDemoTests;
			sourceTree = "<group>";
		};
		3D46ABB3268C378E0035B72A /* DetectorDemoUITests */ = {
			isa = PBXGroup;
			children = (
				3D46ABB4268C378E0035B72A /* DetectorDemoUITests.m */,
				3D46ABB6268C378E0035B72A /* Info.plist */,
			);
			path = DetectorDemoUITests;
			sourceTree = "<group>";
		};
		3D46ABC2268C59F30035B72A /* images */ = {
			isa = PBXGroup;
			children = (
				3D3F6B04269403A600D5D2F9 /* barCode.png */,
				3D3F6B022692B0EE00D5D2F9 /* liuyifei.jpeg */,
				3D3F6B00268F058C00D5D2F9 /* content.png */,
				3D46ABC3268C59F30035B72A /* htmlTian.png */,
				3D46ABC4268C59F30035B72A /* text.png */,
			);
			path = images;
			sourceTree = "<group>";
		};
/* End PBXGroup section */

/* Begin PBXNativeTarget section */
		3D46AB89268C37850035B72A /* DetectorDemo */ = {
			isa = PBXNativeTarget;
			buildConfigurationList = 3D46ABB9268C378E0035B72A /* Build configuration list for PBXNativeTarget "DetectorDemo" */;
			buildPhases = (
				3D46AB86268C37850035B72A /* Sources */,
				3D46AB87268C37850035B72A /* Frameworks */,
				3D46AB88268C37850035B72A /* Resources */,
			);
			buildRules = (
			);
			dependencies = (
			);
			name = DetectorDemo;
			productName = DetectorDemo;
			productReference = 3D46AB8A268C37850035B72A /* DetectorDemo.app */;
			productType = "com.apple.product-type.application";
		};
		3D46ABA4268C378E0035B72A /* DetectorDemoTests */ = {
			isa = PBXNativeTarget;
			buildConfigurationList = 3D46ABBC268C378E0035B72A /* Build configuration list for PBXNativeTarget "DetectorDemoTests" */;
			buildPhases = (
				3D46ABA1268C378E0035B72A /* Sources */,
				3D46ABA2268C378E0035B72A /* Frameworks */,
				3D46ABA3268C378E0035B72A /* Resources */,
			);
			buildRules = (
			);
			dependencies = (
				3D46ABA7268C378E0035B72A /* PBXTargetDependency */,
			);
			name = DetectorDemoTests;
			productName = DetectorDemoTests;
			productReference = 3D46ABA5268C378E0035B72A /* DetectorDemoTests.xctest */;
			productType = "com.apple.product-type.bundle.unit-test";
		};
		3D46ABAF268C378E0035B72A /* DetectorDemoUITests */ = {
			isa = PBXNativeTarget;
			buildConfigurationList = 3D46ABBF268C378E0035B72A /* Build configuration list for PBXNativeTarget "DetectorDemoUITests" */;
			buildPhases = (
				3D46ABAC268C378E0035B72A /* Sources */,
				3D46ABAD268C378E0035B72A /* Frameworks */,
				3D46ABAE268C378E0035B72A /* Resources */,
			);
			buildRules = (
			);
			dependencies = (
				3D46ABB2268C378E0035B72A /* PBXTargetDependency */,
			);
			name = DetectorDemoUITests;
			productName = DetectorDemoUITests;
			productReference = 3D46ABB0268C378E0035B72A /* DetectorDemoUITests.xctest */;
			productType = "com.apple.product-type.bundle.ui-testing";
		};
/* End PBXNativeTarget section */

/* Begin PBXProject section */
		3D46AB82268C37850035B72A /* Project object */ = {
			isa = PBXProject;
			attributes = {
				LastUpgradeCheck = 1250;
				TargetAttributes = {
					3D46AB89268C37850035B72A = {
						CreatedOnToolsVersion = 12.5.1;
					};
					3D46ABA4268C378E0035B72A = {
						CreatedOnToolsVersion = 12.5.1;
						TestTargetID = 3D46AB89268C37850035B72A;
					};
					3D46ABAF268C378E0035B72A = {
						CreatedOnToolsVersion = 12.5.1;
						TestTargetID = 3D46AB89268C37850035B72A;
					};
				};
			};
			buildConfigurationList = 3D46AB85268C37850035B72A /* Build configuration list for PBXProject "DetectorDemo" */;
			compatibilityVersion = "Xcode 9.3";
			developmentRegion = en;
			hasScannedForEncodings = 0;
			knownRegions = (
				en,
				Base,
			);
			mainGroup = 3D46AB81268C37850035B72A;
			productRefGroup = 3D46AB8B268C37850035B72A /* Products */;
			projectDirPath = "";
			projectRoot = "";
			targets = (
				3D46AB89268C37850035B72A /* DetectorDemo */,
				3D46ABA4268C378E0035B72A /* DetectorDemoTests */,
				3D46ABAF268C378E0035B72A /* DetectorDemoUITests */,
			);
		};
/* End PBXProject section */

/* Begin PBXResourcesBuildPhase section */
		3D46AB88268C37850035B72A /* Resources */ = {
			isa = PBXResourcesBuildPhase;
			buildActionMask = 2147483647;
			files = (
				3D3F6B01268F058C00D5D2F9 /* content.png in Resources */,
				3D46ABC5268C59F30035B72A /* htmlTian.png in Resources */,
				3D3F6B032692B0EE00D5D2F9 /* liuyifei.jpeg in Resources */,
				3D46ABC6268C59F30035B72A /* text.png in Resources */,
				3D46AB9D268C378D0035B72A /* LaunchScreen.storyboard in Resources */,
				3D46AB9A268C378D0035B72A /* Assets.xcassets in Resources */,
				3D3F6B05269403A700D5D2F9 /* barCode.png in Resources */,
				3D46AB98268C37850035B72A /* Main.storyboard in Resources */,
			);
			runOnlyForDeploymentPostprocessing = 0;
		};
		3D46ABA3268C378E0035B72A /* Resources */ = {
			isa = PBXResourcesBuildPhase;
			buildActionMask = 2147483647;
			files = (
			);
			runOnlyForDeploymentPostprocessing = 0;
		};
		3D46ABAE268C378E0035B72A /* Resources */ = {
			isa = PBXResourcesBuildPhase;
			buildActionMask = 2147483647;
			files = (
			);
			runOnlyForDeploymentPostprocessing = 0;
		};
/* End PBXResourcesBuildPhase section */

/* Begin PBXSourcesBuildPhase section */
		3D46AB86268C37850035B72A /* Sources */ = {
			isa = PBXSourcesBuildPhase;
			buildActionMask = 2147483647;
			files = (
				3D97CB392719CDD600538E80 /* VisionManager.m in Sources */,
				3D46AB95268C37850035B72A /* ViewController.m in Sources */,
				3D46AB8F268C37850035B72A /* AppDelegate.m in Sources */,
				3D46ABA0268C378D0035B72A /* main.m in Sources */,
				3D46AB92268C37850035B72A /* SceneDelegate.m in Sources */,
			);
			runOnlyForDeploymentPostprocessing = 0;
		};
		3D46ABA1268C378E0035B72A /* Sources */ = {
			isa = PBXSourcesBuildPhase;
			buildActionMask = 2147483647;
			files = (
				3D46ABAA268C378E0035B72A /* DetectorDemoTests.m in Sources */,
			);
			runOnlyForDeploymentPostprocessing = 0;
		};
		3D46ABAC268C378E0035B72A /* Sources */ = {
			isa = PBXSourcesBuildPhase;
			buildActionMask = 2147483647;
			files = (
				3D46ABB5268C378E0035B72A /* DetectorDemoUITests.m in Sources */,
			);
			runOnlyForDeploymentPostprocessing = 0;
		};
/* End PBXSourcesBuildPhase section */

/* Begin PBXTargetDependency section */
		3D46ABA7268C378E0035B72A /* PBXTargetDependency */ = {
			isa = PBXTargetDependency;
			target = 3D46AB89268C37850035B72A /* DetectorDemo */;
			targetProxy = 3D46ABA6268C378E0035B72A /* PBXContainerItemProxy */;
		};
		3D46ABB2268C378E0035B72A /* PBXTargetDependency */ = {
			isa = PBXTargetDependency;
			target = 3D46AB89268C37850035B72A /* DetectorDemo */;
			targetProxy = 3D46ABB1268C378E0035B72A /* PBXContainerItemProxy */;
		};
/* End PBXTargetDependency section */

/* Begin PBXVariantGroup section */
		3D46AB96268C37850035B72A /* Main.storyboard */ = {
			isa = PBXVariantGroup;
			children = (
				3D46AB97268C37850035B72A /* Base */,
			);
			name = Main.storyboard;
			sourceTree = "<group>";
		};
		3D46AB9B268C378D0035B72A /* LaunchScreen.storyboard */ = {
			isa = PBXVariantGroup;
			children = (
				3D46AB9C268C378D0035B72A /* Base */,
			);
			name = LaunchScreen.storyboard;
			sourceTree = "<group>";
		};
/* End PBXVariantGroup section */

/* Begin XCBuildConfiguration section */
		3D46ABB7268C378E0035B72A /* Debug */ = {
			isa = XCBuildConfiguration;
			buildSettings = {
				ALWAYS_SEARCH_USER_PATHS = NO;
				CLANG_ANALYZER_NONNULL = YES;
				CLANG_ANALYZER_NUMBER_OBJECT_CONVERSION = YES_AGGRESSIVE;
				CLANG_CXX_LANGUAGE_STANDARD = "gnu++14";
				CLANG_CXX_LIBRARY = "libc++";
				CLANG_ENABLE_MODULES = YES;
				CLANG_ENABLE_OBJC_ARC = YES;
				CLANG_ENABLE_OBJC_WEAK = YES;
				CLANG_WARN_BLOCK_CAPTURE_AUTORELEASING = YES;
				CLANG_WARN_BOOL_CONVERSION = YES;
				CLANG_WARN_COMMA = YES;
				CLANG_WARN_CONSTANT_CONVERSION = YES;
				CLANG_WARN_DEPRECATED_OBJC_IMPLEMENTATIONS = YES;
				CLANG_WARN_DIRECT_OBJC_ISA_USAGE = YES_ERROR;
				CLANG_WARN_DOCUMENTATION_COMMENTS = YES;
				CLANG_WARN_EMPTY_BODY = YES;
				CLANG_WARN_ENUM_CONVERSION = YES;
				CLANG_WARN_INFINITE_RECURSION = YES;
				CLANG_WARN_INT_CONVERSION = YES;
				CLANG_WARN_NON_LITERAL_NULL_CONVERSION = YES;
				CLANG_WARN_OBJC_IMPLICIT_RETAIN_SELF = YES;
				CLANG_WARN_OBJC_LITERAL_CONVERSION = YES;
				CLANG_WARN_OBJC_ROOT_CLASS = YES_ERROR;
				CLANG_WARN_QUOTED_INCLUDE_IN_FRAMEWORK_HEADER = YES;
				CLANG_WARN_RANGE_LOOP_ANALYSIS = YES;
				CLANG_WARN_STRICT_PROTOTYPES = YES;
				CLANG_WARN_SUSPICIOUS_MOVE = YES;
				CLANG_WARN_UNGUARDED_AVAILABILITY = YES_AGGRESSIVE;
				CLANG_WARN_UNREACHABLE_CODE = YES;
				CLANG_WARN__DUPLICATE_METHOD_MATCH = YES;
				COPY_PHASE_STRIP = NO;
				DEBUG_INFORMATION_FORMAT = dwarf;
				ENABLE_STRICT_OBJC_MSGSEND = YES;
				ENABLE_TESTABILITY = YES;
				GCC_C_LANGUAGE_STANDARD = gnu11;
				GCC_DYNAMIC_NO_PIC = NO;
				GCC_NO_COMMON_BLOCKS = YES;
				GCC_OPTIMIZATION_LEVEL = 0;
				GCC_PREPROCESSOR_DEFINITIONS = (
					"DEBUG=1",
					"$(inherited)",
				);
				GCC_WARN_64_TO_32_BIT_CONVERSION = YES;
				GCC_WARN_ABOUT_RETURN_TYPE = YES_ERROR;
				GCC_WARN_UNDECLARED_SELECTOR = YES;
				GCC_WARN_UNINITIALIZED_AUTOS = YES_AGGRESSIVE;
				GCC_WARN_UNUSED_FUNCTION = YES;
				GCC_WARN_UNUSED_VARIABLE = YES;
				IPHONEOS_DEPLOYMENT_TARGET = 14.5;
				MTL_ENABLE_DEBUG_INFO = INCLUDE_SOURCE;
				MTL_FAST_MATH = YES;
				ONLY_ACTIVE_ARCH = YES;
				SDKROOT = iphoneos;
			};
			name = Debug;
		};
		3D46ABB8268C378E0035B72A /* Release */ = {
			isa = XCBuildConfiguration;
			buildSettings = {
				ALWAYS_SEARCH_USER_PATHS = NO;
				CLANG_ANALYZER_NONNULL = YES;
				CLANG_ANALYZER_NUMBER_OBJECT_CONVERSION = YES_AGGRESSIVE;
				CLANG_CXX_LANGUAGE_STANDARD = "gnu++14";
				CLANG_CXX_LIBRARY = "libc++";
				CLANG_ENABLE_MODULES = YES;
				CLANG_ENABLE_OBJC_ARC = YES;
				CLANG_ENABLE_OBJC_WEAK = YES;
				CLANG_WARN_BLOCK_CAPTURE_AUTORELEASING = YES;
				CLANG_WARN_BOOL_CONVERSION = YES;
				CLANG_WARN_COMMA = YES;
				CLANG_WARN_CONSTANT_CONVERSION = YES;
				CLANG_WARN_DEPRECATED_OBJC_IMPLEMENTATIONS = YES;
				CLANG_WARN_DIRECT_OBJC_ISA_USAGE = YES_ERROR;
				CLANG_WARN_DOCUMENTATION_COMMENTS = YES;
				CLANG_WARN_EMPTY_BODY = YES;
				CLANG_WARN_ENUM_CONVERSION = YES;
				CLANG_WARN_INFINITE_RECURSION = YES;
				CLANG_WARN_INT_CONVERSION = YES;
				CLANG_WARN_NON_LITERAL_NULL_CONVERSION = YES;
				CLANG_WARN_OBJC_IMPLICIT_RETAIN_SELF = YES;
				CLANG_WARN_OBJC_LITERAL_CONVERSION = YES;
				CLANG_WARN_OBJC_ROOT_CLASS = YES_ERROR;
				CLANG_WARN_QUOTED_INCLUDE_IN_FRAMEWORK_HEADER = YES;
				CLANG_WARN_RANGE_LOOP_ANALYSIS = YES;
				CLANG_WARN_STRICT_PROTOTYPES = YES;
				CLANG_WARN_SUSPICIOUS_MOVE = YES;
				CLANG_WARN_UNGUARDED_AVAILABILITY = YES_AGGRESSIVE;
				CLANG_WARN_UNREACHABLE_CODE = YES;
				CLANG_WARN__DUPLICATE_METHOD_MATCH = YES;
				COPY_PHASE_STRIP = NO;
				DEBUG_INFORMATION_FORMAT = "dwarf-with-dsym";
				ENABLE_NS_ASSERTIONS = NO;
				ENABLE_STRICT_OBJC_MSGSEND = YES;
				GCC_C_LANGUAGE_STANDARD = gnu11;
				GCC_NO_COMMON_BLOCKS = YES;
				GCC_WARN_64_TO_32_BIT_CONVERSION = YES;
				GCC_WARN_ABOUT_RETURN_TYPE = YES_ERROR;
				GCC_WARN_UNDECLARED_SELECTOR = YES;
				GCC_WARN_UNINITIALIZED_AUTOS = YES_AGGRESSIVE;
				GCC_WARN_UNUSED_FUNCTION = YES;
				GCC_WARN_UNUSED_VARIABLE = YES;
				IPHONEOS_DEPLOYMENT_TARGET = 14.5;
				MTL_ENABLE_DEBUG_INFO = NO;
				MTL_FAST_MATH = YES;
				SDKROOT = iphoneos;
				VALIDATE_PRODUCT = YES;
			};
			name = Release;
		};
		3D46ABBA268C378E0035B72A /* Debug */ = {
			isa = XCBuildConfiguration;
			buildSettings = {
				ASSETCATALOG_COMPILER_APPICON_NAME = AppIcon;
				ASSETCATALOG_COMPILER_GLOBAL_ACCENT_COLOR_NAME = AccentColor;
				CODE_SIGN_IDENTITY = "iPhone Developer";
				CODE_SIGN_STYLE = Manual;
				DEVELOPMENT_TEAM = 354GB74WZE;
				INFOPLIST_FILE = DetectorDemo/Info.plist;
				IPHONEOS_DEPLOYMENT_TARGET = 11.0;
				LD_RUNPATH_SEARCH_PATHS = (
					"$(inherited)",
					"@executable_path/Frameworks",
				);
				PRODUCT_BUNDLE_IDENTIFIER = com.jjccb.mobilebank;
				PRODUCT_NAME = "$(TARGET_NAME)";
				PROVISIONING_PROFILE_SPECIFIER = NewMobileBankDev;
				TARGETED_DEVICE_FAMILY = "1,2";
			};
			name = Debug;
		};
		3D46ABBB268C378E0035B72A /* Release */ = {
			isa = XCBuildConfiguration;
			buildSettings = {
				ASSETCATALOG_COMPILER_APPICON_NAME = AppIcon;
				ASSETCATALOG_COMPILER_GLOBAL_ACCENT_COLOR_NAME = AccentColor;
				CODE_SIGN_IDENTITY = "iPhone Developer";
				CODE_SIGN_STYLE = Manual;
				DEVELOPMENT_TEAM = 354GB74WZE;
				INFOPLIST_FILE = DetectorDemo/Info.plist;
				IPHONEOS_DEPLOYMENT_TARGET = 11.0;
				LD_RUNPATH_SEARCH_PATHS = (
					"$(inherited)",
					"@executable_path/Frameworks",
				);
				PRODUCT_BUNDLE_IDENTIFIER = com.jjccb.mobilebank;
				PRODUCT_NAME = "$(TARGET_NAME)";
				PROVISIONING_PROFILE_SPECIFIER = NewMobileBankDev;
				TARGETED_DEVICE_FAMILY = "1,2";
			};
			name = Release;
		};
		3D46ABBD268C378E0035B72A /* Debug */ = {
			isa = XCBuildConfiguration;
			buildSettings = {
				BUNDLE_LOADER = "$(TEST_HOST)";
				CODE_SIGN_STYLE = Automatic;
				INFOPLIST_FILE = DetectorDemoTests/Info.plist;
				IPHONEOS_DEPLOYMENT_TARGET = 14.5;
				LD_RUNPATH_SEARCH_PATHS = (
					"$(inherited)",
					"@executable_path/Frameworks",
					"@loader_path/Frameworks",
				);
				PRODUCT_BUNDLE_IDENTIFIER = "com.obm-ios.DetectorDemoTests";
				PRODUCT_NAME = "$(TARGET_NAME)";
				TARGETED_DEVICE_FAMILY = "1,2";
				TEST_HOST = "$(BUILT_PRODUCTS_DIR)/DetectorDemo.app/DetectorDemo";
			};
			name = Debug;
		};
		3D46ABBE268C378E0035B72A /* Release */ = {
			isa = XCBuildConfiguration;
			buildSettings = {
				BUNDLE_LOADER = "$(TEST_HOST)";
				CODE_SIGN_STYLE = Automatic;
				INFOPLIST_FILE = DetectorDemoTests/Info.plist;
				IPHONEOS_DEPLOYMENT_TARGET = 14.5;
				LD_RUNPATH_SEARCH_PATHS = (
					"$(inherited)",
					"@executable_path/Frameworks",
					"@loader_path/Frameworks",
				);
				PRODUCT_BUNDLE_IDENTIFIER = "com.obm-ios.DetectorDemoTests";
				PRODUCT_NAME = "$(TARGET_NAME)";
				TARGETED_DEVICE_FAMILY = "1,2";
				TEST_HOST = "$(BUILT_PRODUCTS_DIR)/DetectorDemo.app/DetectorDemo";
			};
			name = Release;
		};
		3D46ABC0268C378E0035B72A /* Debug */ = {
			isa = XCBuildConfiguration;
			buildSettings = {
				CODE_SIGN_STYLE = Automatic;
				INFOPLIST_FILE = DetectorDemoUITests/Info.plist;
				LD_RUNPATH_SEARCH_PATHS = (
					"$(inherited)",
					"@executable_path/Frameworks",
					"@loader_path/Frameworks",
				);
				PRODUCT_BUNDLE_IDENTIFIER = "com.obm-ios.DetectorDemoUITests";
				PRODUCT_NAME = "$(TARGET_NAME)";
				TARGETED_DEVICE_FAMILY = "1,2";
				TEST_TARGET_NAME = DetectorDemo;
			};
			name = Debug;
		};
		3D46ABC1268C378E0035B72A /* Release */ = {
			isa = XCBuildConfiguration;
			buildSettings = {
				CODE_SIGN_STYLE = Automatic;
				INFOPLIST_FILE = DetectorDemoUITests/Info.plist;
				LD_RUNPATH_SEARCH_PATHS = (
					"$(inherited)",
					"@executable_path/Frameworks",
					"@loader_path/Frameworks",
				);
				PRODUCT_BUNDLE_IDENTIFIER = "com.obm-ios.DetectorDemoUITests";
				PRODUCT_NAME = "$(TARGET_NAME)";
				TARGETED_DEVICE_FAMILY = "1,2";
				TEST_TARGET_NAME = DetectorDemo;
			};
			name = Release;
		};
/* End XCBuildConfiguration section */

/* Begin XCConfigurationList section */
		3D46AB85268C37850035B72A /* Build configuration list for PBXProject "DetectorDemo" */ = {
			isa = XCConfigurationList;
			buildConfigurations = (
				3D46ABB7268C378E0035B72A /* Debug */,
				3D46ABB8268C378E0035B72A /* Release */,
			);
			defaultConfigurationIsVisible = 0;
			defaultConfigurationName = Release;
		};
		3D46ABB9268C378E0035B72A /* Build configuration list for PBXNativeTarget "DetectorDemo" */ = {
			isa = XCConfigurationList;
			buildConfigurations = (
				3D46ABBA268C378E0035B72A /* Debug */,
				3D46ABBB268C378E0035B72A /* Release */,
			);
			defaultConfigurationIsVisible = 0;
			defaultConfigurationName = Release;
		};
		3D46ABBC268C378E0035B72A /* Build configuration list for PBXNativeTarget "DetectorDemoTests" */ = {
			isa = XCConfigurationList;
			buildConfigurations = (
				3D46ABBD268C378E0035B72A /* Debug */,
				3D46ABBE268C378E0035B72A /* Release */,
			);
			defaultConfigurationIsVisible = 0;
			defaultConfigurationName = Release;
		};
		3D46ABBF268C378E0035B72A /* Build configuration list for PBXNativeTarget "DetectorDemoUITests" */ = {
			isa = XCConfigurationList;
			buildConfigurations = (
				3D46ABC0268C378E0035B72A /* Debug */,
				3D46ABC1268C378E0035B72A /* Release */,
			);
			defaultConfigurationIsVisible = 0;
			defaultConfigurationName = Release;
		};
/* End XCConfigurationList section */
	};
	rootObject = 3D46AB82268C37850035B72A /* Project object */;
}
